// !$*UTF8*$!
{
	archiveVersion = 1;
	classes = {
	};
	objectVersion = 46;
	objects = {

/* Begin PBXBuildFile section */
		2B67B2FB1A65EA9900FDCAA9 /* AppDelegate.m in Sources */ = {isa = PBXBuildFile; fileRef = 2B67B2FA1A65EA9900FDCAA9 /* AppDelegate.m */; };
		2B67B2FD1A65EA9900FDCAA9 /* main.m in Sources */ = {isa = PBXBuildFile; fileRef = 2B67B2FC1A65EA9900FDCAA9 /* main.m */; };
		2B67B2FF1A65EA9900FDCAA9 /* Images.xcassets in Resources */ = {isa = PBXBuildFile; fileRef = 2B67B2FE1A65EA9900FDCAA9 /* Images.xcassets */; };
		2B67B3021A65EA9900FDCAA9 /* MainMenu.xib in Resources */ = {isa = PBXBuildFile; fileRef = 2B67B3001A65EA9900FDCAA9 /* MainMenu.xib */; };
		2B67B30E1A65EA9900FDCAA9 /* Preview_ReloadedTests.m in Sources */ = {isa = PBXBuildFile; fileRef = 2B67B30D1A65EA9900FDCAA9 /* Preview_ReloadedTests.m */; };
/* End PBXBuildFile section */

/* Begin PBXContainerItemProxy section */
		2B67B3081A65EA9900FDCAA9 /* PBXContainerItemProxy */ = {
			isa = PBXContainerItemProxy;
			containerPortal = 2B67B2EC1A65EA9900FDCAA9 /* Project object */;
			proxyType = 1;
			remoteGlobalIDString = 2B67B2F31A65EA9900FDCAA9;
			remoteInfo = "Preview Reloaded";
		};
/* End PBXContainerItemProxy section */

/* Begin PBXFileReference section */
		2B67B2F41A65EA9900FDCAA9 /* Preview Reloaded.app */ = {isa = PBXFileReference; explicitFileType = wrapper.application; includeInIndex = 0; path = "Preview Reloaded.app"; sourceTree = BUILT_PRODUCTS_DIR; };
		2B67B2F81A65EA9900FDCAA9 /* Info.plist */ = {isa = PBXFileReference; lastKnownFileType = text.plist.xml; path = Info.plist; sourceTree = "<group>"; };
		2B67B2F91A65EA9900FDCAA9 /* AppDelegate.h */ = {isa = PBXFileReference; lastKnownFileType = sourcecode.c.h; path = AppDelegate.h; sourceTree = "<group>"; };
		2B67B2FA1A65EA9900FDCAA9 /* AppDelegate.m */ = {isa = PBXFileReference; lastKnownFileType = sourcecode.c.objc; path = AppDelegate.m; sourceTree = "<group>"; };
		2B67B2FC1A65EA9900FDCAA9 /* main.m */ = {isa = PBXFileReference; lastKnownFileType = sourcecode.c.objc; path = main.m; sourceTree = "<group>"; };
		2B67B2FE1A65EA9900FDCAA9 /* Images.xcassets */ = {isa = PBXFileReference; lastKnownFileType = folder.assetcatalog; path = Images.xcassets; sourceTree = "<group>"; };
		2B67B3011A65EA9900FDCAA9 /* Base */ = {isa = PBXFileReference; lastKnownFileType = file.xib; name = Base; path = Base.lproj/MainMenu.xib; sourceTree = "<group>"; };
		2B67B3071A65EA9900FDCAA9 /* Preview ReloadedTests.xctest */ = {isa = PBXFileReference; explicitFileType = wrapper.cfbundle; includeInIndex = 0; path = "Preview ReloadedTests.xctest"; sourceTree = BUILT_PRODUCTS_DIR; };
		2B67B30C1A65EA9900FDCAA9 /* Info.plist */ = {isa = PBXFileReference; lastKnownFileType = text.plist.xml; path = Info.plist; sourceTree = "<group>"; };
		2B67B30D1A65EA9900FDCAA9 /* Preview_ReloadedTests.m */ = {isa = PBXFileReference; lastKnownFileType = sourcecode.c.objc; path = Preview_ReloadedTests.m; sourceTree = "<group>"; };
/* End PBXFileReference section */

/* Begin PBXFrameworksBuildPhase section */
		2B67B2F11A65EA9900FDCAA9 /* Frameworks */ = {
			isa = PBXFrameworksBuildPhase;
			buildActionMask = 2147483647;
			files = (
			);
			runOnlyForDeploymentPostprocessing = 0;
		};
		2B67B3041A65EA9900FDCAA9 /* Frameworks */ = {
			isa = PBXFrameworksBuildPhase;
			buildActionMask = 2147483647;
			files = (
			);
			runOnlyForDeploymentPostprocessing = 0;
		};
/* End PBXFrameworksBuildPhase section */

/* Begin PBXGroup section */
		2B67B2EB1A65EA9900FDCAA9 = {
			isa = PBXGroup;
			children = (
				2B67B2F61A65EA9900FDCAA9 /* Preview Reloaded */,
				2B67B30A1A65EA9900FDCAA9 /* Preview ReloadedTests */,
				2B67B2F51A65EA9900FDCAA9 /* Products */,
			);
			sourceTree = "<group>";
		};
		2B67B2F51A65EA9900FDCAA9 /* Products */ = {
			isa = PBXGroup;
			children = (
				2B67B2F41A65EA9900FDCAA9 /* Preview Reloaded.app */,
				2B67B3071A65EA9900FDCAA9 /* Preview ReloadedTests.xctest */,
			);
			name = Products;
			sourceTree = "<group>";
		};
		2B67B2F61A65EA9900FDCAA9 /* Preview Reloaded */ = {
			isa = PBXGroup;
			children = (
				2B67B2F91A65EA9900FDCAA9 /* AppDelegate.h */,
				2B67B2FA1A65EA9900FDCAA9 /* AppDelegate.m */,
				2B67B2FE1A65EA9900FDCAA9 /* Images.xcassets */,
				2B67B3001A65EA9900FDCAA9 /* MainMenu.xib */,
				2B67B2F71A65EA9900FDCAA9 /* Supporting Files */,
			);
			path = "Preview Reloaded";
			sourceTree = "<group>";
		};
		2B67B2F71A65EA9900FDCAA9 /* Supporting Files */ = {
			isa = PBXGroup;
			children = (
				2B67B2F81A65EA9900FDCAA9 /* Info.plist */,
				2B67B2FC1A65EA9900FDCAA9 /* main.m */,
			);
			name = "Supporting Files";
			sourceTree = "<group>";
		};
		2B67B30A1A65EA9900FDCAA9 /* Preview ReloadedTests */ = {
			isa = PBXGroup;
			children = (
				2B67B30D1A65EA9900FDCAA9 /* Preview_ReloadedTests.m */,
				2B67B30B1A65EA9900FDCAA9 /* Supporting Files */,
			);
			path = "Preview ReloadedTests";
			sourceTree = "<group>";
		};
		2B67B30B1A65EA9900FDCAA9 /* Supporting Files */ = {
			isa = PBXGroup;
			children = (
				2B67B30C1A65EA9900FDCAA9 /* Info.plist */,
			);
			name = "Supporting Files";
			sourceTree = "<group>";
		};
/* End PBXGroup section */

/* Begin PBXNativeTarget section */
		2B67B2F31A65EA9900FDCAA9 /* Preview Reloaded */ = {
			isa = PBXNativeTarget;
			buildConfigurationList = 2B67B3111A65EA9900FDCAA9 /* Build configuration list for PBXNativeTarget "Preview Reloaded" */;
			buildPhases = (
				2B67B2F01A65EA9900FDCAA9 /* Sources */,
				2B67B2F11A65EA9900FDCAA9 /* Frameworks */,
				2B67B2F21A65EA9900FDCAA9 /* Resources */,
			);
			buildRules = (
			);
			dependencies = (
			);
			name = "Preview Reloaded";
			productName = "Preview Reloaded";
			productReference = 2B67B2F41A65EA9900FDCAA9 /* Preview Reloaded.app */;
			productType = "com.apple.product-type.application";
		};
		2B67B3061A65EA9900FDCAA9 /* Preview ReloadedTests */ = {
			isa = PBXNativeTarget;
			buildConfigurationList = 2B67B3141A65EA9900FDCAA9 /* Build configuration list for PBXNativeTarget "Preview ReloadedTests" */;
			buildPhases = (
				2B67B3031A65EA9900FDCAA9 /* Sources */,
				2B67B3041A65EA9900FDCAA9 /* Frameworks */,
				2B67B3051A65EA9900FDCAA9 /* Resources */,
			);
			buildRules = (
			);
			dependencies = (
				2B67B3091A65EA9900FDCAA9 /* PBXTargetDependency */,
			);
			name = "Preview ReloadedTests";
			productName = "Preview ReloadedTests";
			productReference = 2B67B3071A65EA9900FDCAA9 /* Preview ReloadedTests.xctest */;
			productType = "com.apple.product-type.bundle.unit-test";
		};
/* End PBXNativeTarget section */

/* Begin PBXProject section */
		2B67B2EC1A65EA9900FDCAA9 /* Project object */ = {
			isa = PBXProject;
			attributes = {
				LastUpgradeCheck = 0610;
				ORGANIZATIONNAME = "zzz studios";
				TargetAttributes = {
					2B67B2F31A65EA9900FDCAA9 = {
						CreatedOnToolsVersion = 6.1.1;
					};
					2B67B3061A65EA9900FDCAA9 = {
						CreatedOnToolsVersion = 6.1.1;
						TestTargetID = 2B67B2F31A65EA9900FDCAA9;
					};
				};
			};
			buildConfigurationList = 2B67B2EF1A65EA9900FDCAA9 /* Build configuration list for PBXProject "Preview Reloaded" */;
			compatibilityVersion = "Xcode 3.2";
			developmentRegion = English;
			hasScannedForEncodings = 0;
			knownRegions = (
				en,
				Base,
			);
			mainGroup = 2B67B2EB1A65EA9900FDCAA9;
			productRefGroup = 2B67B2F51A65EA9900FDCAA9 /* Products */;
			projectDirPath = "";
			projectRoot = "";
			targets = (
				2B67B2F31A65EA9900FDCAA9 /* Preview Reloaded */,
				2B67B3061A65EA9900FDCAA9 /* Preview ReloadedTests */,
			);
		};
/* End PBXProject section */

/* Begin PBXResourcesBuildPhase section */
		2B67B2F21A65EA9900FDCAA9 /* Resources */ = {
			isa = PBXResourcesBuildPhase;
			buildActionMask = 2147483647;
			files = (
				2B67B2FF1A65EA9900FDCAA9 /* Images.xcassets in Resources */,
				2B67B3021A65EA9900FDCAA9 /* MainMenu.xib in Resources */,
			);
			runOnlyForDeploymentPostprocessing = 0;
		};
		2B67B3051A65EA9900FDCAA9 /* Resources */ = {
			isa = PBXResourcesBuildPhase;
			buildActionMask = 2147483647;
			files = (
			);
			runOnlyForDeploymentPostprocessing = 0;
		};
/* End PBXResourcesBuildPhase section */

/* Begin PBXSourcesBuildPhase section */
		2B67B2F01A65EA9900FDCAA9 /* Sources */ = {
			isa = PBXSourcesBuildPhase;
			buildActionMask = 2147483647;
			files = (
				2B67B2FD1A65EA9900FDCAA9 /* main.m in Sources */,
				2B67B2FB1A65EA9900FDCAA9 /* AppDelegate.m in Sources */,
			);
			runOnlyForDeploymentPostprocessing = 0;
		};
		2B67B3031A65EA9900FDCAA9 /* Sources */ = {
			isa = PBXSourcesBuildPhase;
			buildActionMask = 2147483647;
			files = (
				2B67B30E1A65EA9900FDCAA9 /* Preview_ReloadedTests.m in Sources */,
			);
			runOnlyForDeploymentPostprocessing = 0;
		};
/* End PBXSourcesBuildPhase section */

/* Begin PBXTargetDependency section */
		2B67B3091A65EA9900FDCAA9 /* PBXTargetDependency */ = {
			isa = PBXTargetDependency;
			target = 2B67B2F31A65EA9900FDCAA9 /* Preview Reloaded */;
			targetProxy = 2B67B3081A65EA9900FDCAA9 /* PBXContainerItemProxy */;
		};
/* End PBXTargetDependency section */

/* Begin PBXVariantGroup section */
		2B67B3001A65EA9900FDCAA9 /* MainMenu.xib */ = {
			isa = PBXVariantGroup;
			children = (
				2B67B3011A65EA9900FDCAA9 /* Base */,
			);
			name = MainMenu.xib;
			sourceTree = "<group>";
		};
/* End PBXVariantGroup section */

/* Begin XCBuildConfiguration section */
		2B67B30F1A65EA9900FDCAA9 /* Debug */ = {
			isa = XCBuildConfiguration;
			buildSettings = {
				ALWAYS_SEARCH_USER_PATHS = NO;
				CLANG_CXX_LANGUAGE_STANDARD = "gnu++0x";
				CLANG_CXX_LIBRARY = "libc++";
				CLANG_ENABLE_MODULES = YES;
				CLANG_ENABLE_OBJC_ARC = YES;
				CLANG_WARN_BOOL_CONVERSION = YES;
				CLANG_WARN_CONSTANT_CONVERSION = YES;
				CLANG_WARN_DIRECT_OBJC_ISA_USAGE = YES_ERROR;
				CLANG_WARN_EMPTY_BODY = YES;
				CLANG_WARN_ENUM_CONVERSION = YES;
				CLANG_WARN_INT_CONVERSION = YES;
				CLANG_WARN_OBJC_ROOT_CLASS = YES_ERROR;
				CLANG_WARN_UNREACHABLE_CODE = YES;
				CLANG_WARN__DUPLICATE_METHOD_MATCH = YES;
				CODE_SIGN_IDENTITY = "-";
				COPY_PHASE_STRIP = NO;
				ENABLE_STRICT_OBJC_MSGSEND = YES;
				GCC_C_LANGUAGE_STANDARD = gnu99;
				GCC_DYNAMIC_NO_PIC = NO;
				GCC_OPTIMIZATION_LEVEL = 0;
				GCC_PREPROCESSOR_DEFINITIONS = (
					"DEBUG=1",
					"$(inherited)",
				);
				GCC_SYMBOLS_PRIVATE_EXTERN = NO;
				GCC_WARN_64_TO_32_BIT_CONVERSION = YES;
				GCC_WARN_ABOUT_RETURN_TYPE = YES_ERROR;
				GCC_WARN_UNDECLARED_SELECTOR = YES;
				GCC_WARN_UNINITIALIZED_AUTOS = YES_AGGRESSIVE;
				GCC_WARN_UNUSED_FUNCTION = YES;
				GCC_WARN_UNUSED_VARIABLE = YES;
				MACOSX_DEPLOYMENT_TARGET = 10.9;
				MTL_ENABLE_DEBUG_INFO = YES;
				ONLY_ACTIVE_ARCH = YES;
				SDKROOT = macosx;
			};
			name = Debug;
		};
		2B67B3101A65EA9900FDCAA9 /* Release */ = {
			isa = XCBuildConfiguration;
			buildSettings = {
				ALWAYS_SEARCH_USER_PATHS = NO;
				CLANG_CXX_LANGUAGE_STANDARD = "gnu++0x";
				CLANG_CXX_LIBRARY = "libc++";
				CLANG_ENABLE_MODULES = YES;
				CLANG_ENABLE_OBJC_ARC = YES;
				CLANG_WARN_BOOL_CONVERSION = YES;
				CLANG_WARN_CONSTANT_CONVERSION = YES;
				CLANG_WARN_DIRECT_OBJC_ISA_USAGE = YES_ERROR;
				CLANG_WARN_EMPTY_BODY = YES;
				CLANG_WARN_ENUM_CONVERSION = YES;
				CLANG_WARN_INT_CONVERSION = YES;
				CLANG_WARN_OBJC_ROOT_CLASS = YES_ERROR;
				CLANG_WARN_UNREACHABLE_CODE = YES;
				CLANG_WARN__DUPLICATE_METHOD_MATCH = YES;
				CODE_SIGN_IDENTITY = "-";
				COPY_PHASE_STRIP = YES;
				DEBUG_INFORMATION_FORMAT = "dwarf-with-dsym";
				ENABLE_NS_ASSERTIONS = NO;
				ENABLE_STRICT_OBJC_MSGSEND = YES;
				GCC_C_LANGUAGE_STANDARD = gnu99;
				GCC_WARN_64_TO_32_BIT_CONVERSION = YES;
				GCC_WARN_ABOUT_RETURN_TYPE = YES_ERROR;
				GCC_WARN_UNDECLARED_SELECTOR = YES;
				GCC_WARN_UNINITIALIZED_AUTOS = YES_AGGRESSIVE;
				GCC_WARN_UNUSED_FUNCTION = YES;
				GCC_WARN_UNUSED_VARIABLE = YES;
				MACOSX_DEPLOYMENT_TARGET = 10.9;
				MTL_ENABLE_DEBUG_INFO = NO;
				SDKROOT = macosx;
			};
			name = Release;
		};
		2B67B3121A65EA9900FDCAA9 /* Debug */ = {
			isa = XCBuildConfiguration;
			buildSettings = {
				ASSETCATALOG_COMPILER_APPICON_NAME = AppIcon;
				COMBINE_HIDPI_IMAGES = YES;
				INFOPLIST_FILE = "Preview Reloaded/Info.plist";
				LD_RUNPATH_SEARCH_PATHS = "$(inherited) @executable_path/../Frameworks";
				PRODUCT_NAME = "$(TARGET_NAME)";
			};
			name = Debug;
		};
		2B67B3131A65EA9900FDCAA9 /* Release */ = {
			isa = XCBuildConfiguration;
			buildSettings = {
				ASSETCATALOG_COMPILER_APPICON_NAME = AppIcon;
				COMBINE_HIDPI_IMAGES = YES;
				INFOPLIST_FILE = "Preview Reloaded/Info.plist";
				LD_RUNPATH_SEARCH_PATHS = "$(inherited) @executable_path/../Frameworks";
				PRODUCT_NAME = "$(TARGET_NAME)";
			};
			name = Release;
		};
		2B67B3151A65EA9900FDCAA9 /* Debug */ = {
			isa = XCBuildConfiguration;
			buildSettings = {
				BUNDLE_LOADER = "$(TEST_HOST)";
				COMBINE_HIDPI_IMAGES = YES;
				FRAMEWORK_SEARCH_PATHS = (
					"$(DEVELOPER_FRAMEWORKS_DIR)",
					"$(inherited)",
				);
				GCC_PREPROCESSOR_DEFINITIONS = (
					"DEBUG=1",
					"$(inherited)",
				);
				INFOPLIST_FILE = "Preview ReloadedTests/Info.plist";
				LD_RUNPATH_SEARCH_PATHS = "$(inherited) @executable_path/../Frameworks @loader_path/../Frameworks";
				PRODUCT_NAME = "$(TARGET_NAME)";
				TEST_HOST = "$(BUILT_PRODUCTS_DIR)/Preview Reloaded.app/Contents/MacOS/Preview Reloaded";
			};
			name = Debug;
		};
		2B67B3161A65EA9900FDCAA9 /* Release */ = {
			isa = XCBuildConfiguration;
			buildSettings = {
				BUNDLE_LOADER = "$(TEST_HOST)";
				COMBINE_HIDPI_IMAGES = YES;
				FRAMEWORK_SEARCH_PATHS = (
					"$(DEVELOPER_FRAMEWORKS_DIR)",
					"$(inherited)",
				);
				INFOPLIST_FILE = "Preview ReloadedTests/Info.plist";
				LD_RUNPATH_SEARCH_PATHS = "$(inherited) @executable_path/../Frameworks @loader_path/../Frameworks";
				PRODUCT_NAME = "$(TARGET_NAME)";
				TEST_HOST = "$(BUILT_PRODUCTS_DIR)/Preview Reloaded.app/Contents/MacOS/Preview Reloaded";
			};
			name = Release;
		};
/* End XCBuildConfiguration section */

/* Begin XCConfigurationList section */
		2B67B2EF1A65EA9900FDCAA9 /* Build configuration list for PBXProject "Preview Reloaded" */ = {
			isa = XCConfigurationList;
			buildConfigurations = (
				2B67B30F1A65EA9900FDCAA9 /* Debug */,
				2B67B3101A65EA9900FDCAA9 /* Release */,
			);
			defaultConfigurationIsVisible = 0;
			defaultConfigurationName = Release;
		};
		2B67B3111A65EA9900FDCAA9 /* Build configuration list for PBXNativeTarget "Preview Reloaded" */ = {
			isa = XCConfigurationList;
			buildConfigurations = (
				2B67B3121A65EA9900FDCAA9 /* Debug */,
				2B67B3131A65EA9900FDCAA9 /* Release */,
			);
			defaultConfigurationIsVisible = 0;
		};
		2B67B3141A65EA9900FDCAA9 /* Build configuration list for PBXNativeTarget "Preview ReloadedTests" */ = {
			isa = XCConfigurationList;
			buildConfigurations = (
				2B67B3151A65EA9900FDCAA9 /* Debug */,
				2B67B3161A65EA9900FDCAA9 /* Release */,
			);
			defaultConfigurationIsVisible = 0;
		};
/* End XCConfigurationList section */
	};
	rootObject = 2B67B2EC1A65EA9900FDCAA9 /* Project object */;
}
